{
  "name": "nats-example",
  "version": "1.0.0",
  "lockfileVersion": 1,
  "requires": true,
  "dependencies": {
    "@collectai/node-logger": {
      "version": "0.1.6",
      "resolved": "https://registry.npmjs.org/@collectai/node-logger/-/node-logger-0.1.6.tgz",
      "integrity": "sha512-6k3J058D2ocUIaj3kNXs7Dsmg7hdrQ7ew4RmX7aHVy6BswVjdDaitw1a4kgjZSVtJxD+GkclIdcbItbn0ShhdA==",
      "requires": {
        "debug": "2.6.9"
      }
    },
    "big-integer": {
      "version": "1.6.26",
      "resolved": "https://registry.npmjs.org/big-integer/-/big-integer-1.6.26.tgz",
      "integrity": "sha1-OvFnL6Ytry1eyvrPblqg0l4Cwcg="
    },
    "debug": {
      "version": "2.6.9",
      "resolved": "https://registry.npmjs.org/debug/-/debug-2.6.9.tgz",
      "integrity": "sha512-bC7ElrdJaJnPbAP+1EotYvqZsb3ecl5wi6Bfi6BJTUcNowp6cvspg0jXznRTKDjm/E7AdgFBVeAPVMNcKGsHMA==",
      "requires": {
        "ms": "2.0.0"
      }
    },
    "google-protobuf": {
      "version": "3.5.0",
      "resolved": "https://registry.npmjs.org/google-protobuf/-/google-protobuf-3.5.0.tgz",
      "integrity": "sha1-uMxjx02DRXvYqakEUDyO+ya8ozk="
    },
    "ms": {
      "version": "2.0.0",
      "resolved": "https://registry.npmjs.org/ms/-/ms-2.0.0.tgz",
      "integrity": "sha1-VgiurfwAvmwpAd9fmGF4jeDVl8g="
    },
    "nats": {
      "version": "0.7.24",
      "resolved": "https://registry.npmjs.org/nats/-/nats-0.7.24.tgz",
      "integrity": "sha1-fSdofC29iqYFipkP7mz1wb3Idig=",
      "requires": {
        "nuid": "0.6.14"
      }
    },
    "node-nats-streaming": {
      "version": "0.0.26",
      "resolved": "https://registry.npmjs.org/node-nats-streaming/-/node-nats-streaming-0.0.26.tgz",
      "integrity": "sha1-dazn7yUpaZ39VTWREzHoHzwpeII=",
      "requires": {
        "google-protobuf": "3.5.0",
        "nats": "0.7.24",
        "nuid": "0.6.14"
      }
    },
    "nuid": {
      "version": "0.6.14",
      "resolved": "https://registry.npmjs.org/nuid/-/nuid-0.6.14.tgz",
      "integrity": "sha1-oiXItyDkbFY62NE2QTaGafbCW0g="
    }
  }
}
